
Microsoft Visual Studio Solution File, Format Version 12.00
# Visual Studio 15
Project("{FAE04EC0-301F-11D3-BF4B-00C04F79EFBC}") = "Assembly-CSharp-firstpass", "Assembly-CSharp-firstpass.csproj", "{24956107-96F1-6B6D-DB41-CAEF062F9676}"
EndProject
Project("{FAE04EC0-301F-11D3-BF4B-00C04F79EFBC}") = "Assembly-CSharp", "Assembly-CSharp.csproj", "{0D27CF29-62C5-E4CC-2306-455F35ACF372}"
EndProject
Global
	GlobalSection(SolutionConfigurationPlatforms) = preSolution
		Debug|Any CPU = Debug|Any CPU
		Release|Any CPU = Release|Any CPU
	EndGlobalSection
	GlobalSection(ProjectConfigurationPlatforms) = postSolution
		{24956107-96F1-6B6D-DB41-CAEF062F9676}.Debug|Any CPU.ActiveCfg = Debug|Any CPU
		{24956107-96F1-6B6D-DB41-CAEF062F9676}.Debug|Any CPU.Build.0 = Debug|Any CPU
		{24956107-96F1-6B6D-DB41-CAEF062F9676}.Release|Any CPU.ActiveCfg = Release|Any CPU
		{24956107-96F1-6B6D-DB41-CAEF062F9676}.Release|Any CPU.Build.0 = Release|Any CPU
		{0D27CF29-62C5-E4CC-2306-455F35ACF372}.Debug|Any CPU.ActiveCfg = Debug|Any CPU
		{0D27CF29-62C5-E4CC-2306-455F35ACF372}.Debug|Any CPU.Build.0 = Debug|Any CPU
		{0D27CF29-62C5-E4CC-2306-455F35ACF372}.Release|Any CPU.ActiveCfg = Release|Any CPU
		{0D27CF29-62C5-E4CC-2306-455F35ACF372}.Release|Any CPU.Build.0 = Release|Any CPU
	EndGlobalSection
	GlobalSection(SolutionProperties) = preSolution
		HideSolutionNode = FALSE
	EndGlobalSection
EndGlobal
